{
  "name": "LunchPlan",
  "version": "1.0.0",
  "lockfileVersion": 1,
  "requires": true,
  "dependencies": {
    "html5shiv": {
      "version": "3.7.3",
      "resolved": "https://registry.npmjs.org/html5shiv/-/html5shiv-3.7.3.tgz",
      "integrity": "sha1-14qEo2e8uacQEA1XgCw4ewhGMdI="
    },
    "jquery": {
      "version": "3.3.1",
      "resolved": "https://registry.npmjs.org/jquery/-/jquery-3.3.1.tgz",
      "integrity": "sha512-Ubldcmxp5np52/ENotGxlLe6aGMvmF4R8S6tZjsP6Knsaxd/xp3Zrh50cG93lR6nPXyUFwzN3ZSOQI0wRJNdGg=="
    },
    "respond.js": {
      "version": "1.4.2",
      "resolved": "https://registry.npmjs.org/respond.js/-/respond.js-1.4.2.tgz",
      "integrity": "sha1-/VwHRQrM5gkJFtjQkLhrZy3ZdIs="
    },
    "selectivizr": {
      "version": "1.0.3",
      "resolved": "https://registry.npmjs.org/selectivizr/-/selectivizr-1.0.3.tgz",
      "integrity": "sha1-o46GCJ8L+gnyrh1O0pzdx758T24="
    }
  }
}
